
Microsoft Visual Studio Solution File, Format Version 12.00
# Visual Studio Version 16
VisualStudioVersion = 16.0.31624.102
MinimumVisualStudioVersion = 10.0.40219.1
Project("{FAE04EC0-301F-11D3-BF4B-00C04F79EFBC}") = "WebApplication", "WebApplication\WebApplication.csproj", "{F28F0D8D-706B-48A9-BA70-BE5B6BD9ED9F}"
EndProject
Global
	GlobalSection(SolutionConfigurationPlatforms) = preSolution
		Debug|Any CPU = Debug|Any CPU
		Release|Any CPU = Release|Any CPU
	EndGlobalSection
	GlobalSection(ProjectConfigurationPlatforms) = postSolution
		{F28F0D8D-706B-48A9-BA70-BE5B6BD9ED9F}.Debug|Any CPU.ActiveCfg = Debug|Any CPU
		{F28F0D8D-706B-48A9-BA70-BE5B6BD9ED9F}.Debug|Any CPU.Build.0 = Debug|Any CPU
		{F28F0D8D-706B-48A9-BA70-BE5B6BD9ED9F}.Release|Any CPU.ActiveCfg = Release|Any CPU
		{F28F0D8D-706B-48A9-BA70-BE5B6BD9ED9F}.Release|Any CPU.Build.0 = Release|Any CPU
	EndGlobalSection
	GlobalSection(SolutionProperties) = preSolution
		HideSolutionNode = FALSE
	EndGlobalSection
	GlobalSection(ExtensibilityGlobals) = postSolution
		SolutionGuid = {242B24C5-2016-497A-AE7F-111E9242B9BE}
	EndGlobalSection
EndGlobal
